
Microsoft Visual Studio Solution File, Format Version 12.00
# Visual Studio Version 17
VisualStudioVersion = 17.1.32328.378
MinimumVisualStudioVersion = 10.0.40219.1
Project("{FAE04EC0-301F-11D3-BF4B-00C04F79EFBC}") = "OOPDemo", "OOPDemo\OOPDemo.csproj", "{30930087-044D-40E9-9BFB-6B0FCFA194B7}"
EndProject
Global
	GlobalSection(SolutionConfigurationPlatforms) = preSolution
		Debug|Any CPU = Debug|Any CPU
		Release|Any CPU = Release|Any CPU
	EndGlobalSection
	GlobalSection(ProjectConfigurationPlatforms) = postSolution
		{30930087-044D-40E9-9BFB-6B0FCFA194B7}.Debug|Any CPU.ActiveCfg = Debug|Any CPU
		{30930087-044D-40E9-9BFB-6B0FCFA194B7}.Debug|Any CPU.Build.0 = Debug|Any CPU
		{30930087-044D-40E9-9BFB-6B0FCFA194B7}.Release|Any CPU.ActiveCfg = Release|Any CPU
		{30930087-044D-40E9-9BFB-6B0FCFA194B7}.Release|Any CPU.Build.0 = Release|Any CPU
	EndGlobalSection
	GlobalSection(SolutionProperties) = preSolution
		HideSolutionNode = FALSE
	EndGlobalSection
	GlobalSection(ExtensibilityGlobals) = postSolution
		SolutionGuid = {9CC958BA-FB16-4A2B-8142-65D68BE015B4}
	EndGlobalSection
EndGlobal
